// !$*UTF8*$!
{
	archiveVersion = 1;
	classes = {
	};
	objectVersion = 56;
	objects = {

/* Begin PBXBuildFile section */
		264801B62BB4223B0011D988 /* DetectScrollingApp.swift in Sources */ = {isa = PBXBuildFile; fileRef = 264801B52BB4223B0011D988 /* DetectScrollingApp.swift */; };
		264801B82BB4223B0011D988 /* CameraView.swift in Sources */ = {isa = PBXBuildFile; fileRef = 264801B72BB4223B0011D988 /* CameraView.swift */; };
		264801BA2BB4223C0011D988 /* Assets.xcassets in Resources */ = {isa = PBXBuildFile; fileRef = 264801B92BB4223C0011D988 /* Assets.xcassets */; };
		264801BD2BB4223C0011D988 /* Preview Assets.xcassets in Resources */ = {isa = PBXBuildFile; fileRef = 264801BC2BB4223C0011D988 /* Preview Assets.xcassets */; };
		264B5BD12BBC25E0009B9E61 /* AVCaptureManger.swift in Sources */ = {isa = PBXBuildFile; fileRef = 264B5BD02BBC25E0009B9E61 /* AVCaptureManger.swift */; };
		26697EA92BBDD0A200693EAB /* CamerPreViewController.swift in Sources */ = {isa = PBXBuildFile; fileRef = 26697EA82BBDD0A200693EAB /* CamerPreViewController.swift */; };
		26B08E3B2BBDD90A007611CB /* CameraViewModel.swift in Sources */ = {isa = PBXBuildFile; fileRef = 26B08E3A2BBDD90A007611CB /* CameraViewModel.swift */; };
/* End PBXBuildFile section */

/* Begin PBXFileReference section */
		264801B22BB4223B0011D988 /* VideoRec.app */ = {isa = PBXFileReference; explicitFileType = wrapper.application; includeInIndex = 0; path = VideoRec.app; sourceTree = BUILT_PRODUCTS_DIR; };
		264801B52BB4223B0011D988 /* DetectScrollingApp.swift */ = {isa = PBXFileReference; lastKnownFileType = sourcecode.swift; path = DetectScrollingApp.swift; sourceTree = "<group>"; };
		264801B72BB4223B0011D988 /* CameraView.swift */ = {isa = PBXFileReference; lastKnownFileType = sourcecode.swift; path = CameraView.swift; sourceTree = "<group>"; };
		264801B92BB4223C0011D988 /* Assets.xcassets */ = {isa = PBXFileReference; lastKnownFileType = folder.assetcatalog; path = Assets.xcassets; sourceTree = "<group>"; };
		264801BC2BB4223C0011D988 /* Preview Assets.xcassets */ = {isa = PBXFileReference; lastKnownFileType = folder.assetcatalog; path = "Preview Assets.xcassets"; sourceTree = "<group>"; };
		264B5BD02BBC25E0009B9E61 /* AVCaptureManger.swift */ = {isa = PBXFileReference; lastKnownFileType = sourcecode.swift; path = AVCaptureManger.swift; sourceTree = "<group>"; };
		264B5BD22BBC2CBB009B9E61 /* Info.plist */ = {isa = PBXFileReference; lastKnownFileType = text.plist; path = Info.plist; sourceTree = "<group>"; };
		26697EA82BBDD0A200693EAB /* CamerPreViewController.swift */ = {isa = PBXFileReference; lastKnownFileType = sourcecode.swift; path = CamerPreViewController.swift; sourceTree = "<group>"; };
		26B08E3A2BBDD90A007611CB /* CameraViewModel.swift */ = {isa = PBXFileReference; lastKnownFileType = sourcecode.swift; path = CameraViewModel.swift; sourceTree = "<group>"; };
/* End PBXFileReference section */

/* Begin PBXFrameworksBuildPhase section */
		264801AF2BB4223B0011D988 /* Frameworks */ = {
			isa = PBXFrameworksBuildPhase;
			buildActionMask = 2147483647;
			files = (
			);
			runOnlyForDeploymentPostprocessing = 0;
		};
/* End PBXFrameworksBuildPhase section */

/* Begin PBXGroup section */
		264801A92BB4223B0011D988 = {
			isa = PBXGroup;
			children = (
				264801B42BB4223B0011D988 /* VideoRec */,
				264801B32BB4223B0011D988 /* Products */,
			);
			sourceTree = "<group>";
		};
		264801B32BB4223B0011D988 /* Products */ = {
			isa = PBXGroup;
			children = (
				264801B22BB4223B0011D988 /* VideoRec.app */,
			);
			name = Products;
			sourceTree = "<group>";
		};
		264801B42BB4223B0011D988 /* VideoRec */ = {
			isa = PBXGroup;
			children = (
				264B5BD22BBC2CBB009B9E61 /* Info.plist */,
				264801B52BB4223B0011D988 /* DetectScrollingApp.swift */,
				264801B72BB4223B0011D988 /* CameraView.swift */,
				26B08E3A2BBDD90A007611CB /* CameraViewModel.swift */,
				26697EA82BBDD0A200693EAB /* CamerPreViewController.swift */,
				264B5BD02BBC25E0009B9E61 /* AVCaptureManger.swift */,
				264801B92BB4223C0011D988 /* Assets.xcassets */,
				264801BB2BB4223C0011D988 /* Preview Content */,
			);
			path = VideoRec;
			sourceTree = "<group>";
		};
		264801BB2BB4223C0011D988 /* Preview Content */ = {
			isa = PBXGroup;
			children = (
				264801BC2BB4223C0011D988 /* Preview Assets.xcassets */,
			);
			path = "Preview Content";
			sourceTree = "<group>";
		};
/* End PBXGroup section */

/* Begin PBXNativeTarget section */
		264801B12BB4223B0011D988 /* VideoRec */ = {
			isa = PBXNativeTarget;
			buildConfigurationList = 264801C02BB4223C0011D988 /* Build configuration list for PBXNativeTarget "VideoRec" */;
			buildPhases = (
				264801AE2BB4223B0011D988 /* Sources */,
				264801AF2BB4223B0011D988 /* Frameworks */,
				264801B02BB4223B0011D988 /* Resources */,
			);
			buildRules = (
			);
			dependencies = (
			);
			name = VideoRec;
			packageProductDependencies = (
			);
			productName = DetectScrolling;
			productReference = 264801B22BB4223B0011D988 /* VideoRec.app */;
			productType = "com.apple.product-type.application";
		};
/* End PBXNativeTarget section */

/* Begin PBXProject section */
		264801AA2BB4223B0011D988 /* Project object */ = {
			isa = PBXProject;
			attributes = {
				BuildIndependentTargetsInParallel = 1;
				LastSwiftUpdateCheck = 1500;
				LastUpgradeCheck = 1500;
				TargetAttributes = {
					264801B12BB4223B0011D988 = {
						CreatedOnToolsVersion = 15.0.1;
					};
				};
			};
			buildConfigurationList = 264801AD2BB4223B0011D988 /* Build configuration list for PBXProject "VideoRec" */;
			compatibilityVersion = "Xcode 14.0";
			developmentRegion = en;
			hasScannedForEncodings = 0;
			knownRegions = (
				en,
				Base,
			);
			mainGroup = 264801A92BB4223B0011D988;
			packageReferences = (
			);
			productRefGroup = 264801B32BB4223B0011D988 /* Products */;
			projectDirPath = "";
			projectRoot = "";
			targets = (
				264801B12BB4223B0011D988 /* VideoRec */,
			);
		};
/* End PBXProject section */

/* Begin PBXResourcesBuildPhase section */
		264801B02BB4223B0011D988 /* Resources */ = {
			isa = PBXResourcesBuildPhase;
			buildActionMask = 2147483647;
			files = (
				264801BD2BB4223C0011D988 /* Preview Assets.xcassets in Resources */,
				264801BA2BB4223C0011D988 /* Assets.xcassets in Resources */,
			);
			runOnlyForDeploymentPostprocessing = 0;
		};
/* End PBXResourcesBuildPhase section */

/* Begin PBXSourcesBuildPhase section */
		264801AE2BB4223B0011D988 /* Sources */ = {
			isa = PBXSourcesBuildPhase;
			buildActionMask = 2147483647;
			files = (
				264801B82BB4223B0011D988 /* CameraView.swift in Sources */,
				26697EA92BBDD0A200693EAB /* CamerPreViewController.swift in Sources */,
				26B08E3B2BBDD90A007611CB /* CameraViewModel.swift in Sources */,
				264801B62BB4223B0011D988 /* DetectScrollingApp.swift in Sources */,
				264B5BD12BBC25E0009B9E61 /* AVCaptureManger.swift in Sources */,
			);
			runOnlyForDeploymentPostprocessing = 0;
		};
/* End PBXSourcesBuildPhase section */

/* Begin XCBuildConfiguration section */
		264801BE2BB4223C0011D988 /* Debug */ = {
			isa = XCBuildConfiguration;
			buildSettings = {
				ALWAYS_SEARCH_USER_PATHS = NO;
				ASSETCATALOG_COMPILER_GENERATE_SWIFT_ASSET_SYMBOL_EXTENSIONS = YES;
				CLANG_ANALYZER_NONNULL = YES;
				CLANG_ANALYZER_NUMBER_OBJECT_CONVERSION = YES_AGGRESSIVE;
				CLANG_CXX_LANGUAGE_STANDARD = "gnu++20";
				CLANG_ENABLE_MODULES = YES;
				CLANG_ENABLE_OBJC_ARC = YES;
				CLANG_ENABLE_OBJC_WEAK = YES;
				CLANG_WARN_BLOCK_CAPTURE_AUTORELEASING = YES;
				CLANG_WARN_BOOL_CONVERSION = YES;
				CLANG_WARN_COMMA = YES;
				CLANG_WARN_CONSTANT_CONVERSION = YES;
				CLANG_WARN_DEPRECATED_OBJC_IMPLEMENTATIONS = YES;
				CLANG_WARN_DIRECT_OBJC_ISA_USAGE = YES_ERROR;
				CLANG_WARN_DOCUMENTATION_COMMENTS = YES;
				CLANG_WARN_EMPTY_BODY = YES;
				CLANG_WARN_ENUM_CONVERSION = YES;
				CLANG_WARN_INFINITE_RECURSION = YES;
				CLANG_WARN_INT_CONVERSION = YES;
				CLANG_WARN_NON_LITERAL_NULL_CONVERSION = YES;
				CLANG_WARN_OBJC_IMPLICIT_RETAIN_SELF = YES;
				CLANG_WARN_OBJC_LITERAL_CONVERSION = YES;
				CLANG_WARN_OBJC_ROOT_CLASS = YES_ERROR;
				CLANG_WARN_QUOTED_INCLUDE_IN_FRAMEWORK_HEADER = YES;
				CLANG_WARN_RANGE_LOOP_ANALYSIS = YES;
				CLANG_WARN_STRICT_PROTOTYPES = YES;
				CLANG_WARN_SUSPICIOUS_MOVE = YES;
				CLANG_WARN_UNGUARDED_AVAILABILITY = YES_AGGRESSIVE;
				CLANG_WARN_UNREACHABLE_CODE = YES;
				CLANG_WARN__DUPLICATE_METHOD_MATCH = YES;
				COPY_PHASE_STRIP = NO;
				DEBUG_INFORMATION_FORMAT = dwarf;
				ENABLE_STRICT_OBJC_MSGSEND = YES;
				ENABLE_TESTABILITY = YES;
				ENABLE_USER_SCRIPT_SANDBOXING = YES;
				GCC_C_LANGUAGE_STANDARD = gnu17;
				GCC_DYNAMIC_NO_PIC = NO;
				GCC_NO_COMMON_BLOCKS = YES;
				GCC_OPTIMIZATION_LEVEL = 0;
				GCC_PREPROCESSOR_DEFINITIONS = (
					"DEBUG=1",
					"$(inherited)",
				);
				GCC_WARN_64_TO_32_BIT_CONVERSION = YES;
				GCC_WARN_ABOUT_RETURN_TYPE = YES_ERROR;
				GCC_WARN_UNDECLARED_SELECTOR = YES;
				GCC_WARN_UNINITIALIZED_AUTOS = YES_AGGRESSIVE;
				GCC_WARN_UNUSED_FUNCTION = YES;
				GCC_WARN_UNUSED_VARIABLE = YES;
				IPHONEOS_DEPLOYMENT_TARGET = 17.0;
				LOCALIZATION_PREFERS_STRING_CATALOGS = YES;
				MTL_ENABLE_DEBUG_INFO = INCLUDE_SOURCE;
				MTL_FAST_MATH = YES;
				ONLY_ACTIVE_ARCH = YES;
				SDKROOT = iphoneos;
				SWIFT_ACTIVE_COMPILATION_CONDITIONS = "DEBUG $(inherited)";
				SWIFT_OPTIMIZATION_LEVEL = "-Onone";
			};
			name = Debug;
		};
		264801BF2BB4223C0011D988 /* Release */ = {
			isa = XCBuildConfiguration;
			buildSettings = {
				ALWAYS_SEARCH_USER_PATHS = NO;
				ASSETCATALOG_COMPILER_GENERATE_SWIFT_ASSET_SYMBOL_EXTENSIONS = YES;
				CLANG_ANALYZER_NONNULL = YES;
				CLANG_ANALYZER_NUMBER_OBJECT_CONVERSION = YES_AGGRESSIVE;
				CLANG_CXX_LANGUAGE_STANDARD = "gnu++20";
				CLANG_ENABLE_MODULES = YES;
				CLANG_ENABLE_OBJC_ARC = YES;
				CLANG_ENABLE_OBJC_WEAK = YES;
				CLANG_WARN_BLOCK_CAPTURE_AUTORELEASING = YES;
				CLANG_WARN_BOOL_CONVERSION = YES;
				CLANG_WARN_COMMA = YES;
				CLANG_WARN_CONSTANT_CONVERSION = YES;
				CLANG_WARN_DEPRECATED_OBJC_IMPLEMENTATIONS = YES;
				CLANG_WARN_DIRECT_OBJC_ISA_USAGE = YES_ERROR;
				CLANG_WARN_DOCUMENTATION_COMMENTS = YES;
				CLANG_WARN_EMPTY_BODY = YES;
				CLANG_WARN_ENUM_CONVERSION = YES;
				CLANG_WARN_INFINITE_RECURSION = YES;
				CLANG_WARN_INT_CONVERSION = YES;
				CLANG_WARN_NON_LITERAL_NULL_CONVERSION = YES;
				CLANG_WARN_OBJC_IMPLICIT_RETAIN_SELF = YES;
				CLANG_WARN_OBJC_LITERAL_CONVERSION = YES;
				CLANG_WARN_OBJC_ROOT_CLASS = YES_ERROR;
				CLANG_WARN_QUOTED_INCLUDE_IN_FRAMEWORK_HEADER = YES;
				CLANG_WARN_RANGE_LOOP_ANALYSIS = YES;
				CLANG_WARN_STRICT_PROTOTYPES = YES;
				CLANG_WARN_SUSPICIOUS_MOVE = YES;
				CLANG_WARN_UNGUARDED_AVAILABILITY = YES_AGGRESSIVE;
				CLANG_WARN_UNREACHABLE_CODE = YES;
				CLANG_WARN__DUPLICATE_METHOD_MATCH = YES;
				COPY_PHASE_STRIP = NO;
				DEBUG_INFORMATION_FORMAT = "dwarf-with-dsym";
				ENABLE_NS_ASSERTIONS = NO;
				ENABLE_STRICT_OBJC_MSGSEND = YES;
				ENABLE_USER_SCRIPT_SANDBOXING = YES;
				GCC_C_LANGUAGE_STANDARD = gnu17;
				GCC_NO_COMMON_BLOCKS = YES;
				GCC_WARN_64_TO_32_BIT_CONVERSION = YES;
				GCC_WARN_ABOUT_RETURN_TYPE = YES_ERROR;
				GCC_WARN_UNDECLARED_SELECTOR = YES;
				GCC_WARN_UNINITIALIZED_AUTOS = YES_AGGRESSIVE;
				GCC_WARN_UNUSED_FUNCTION = YES;
				GCC_WARN_UNUSED_VARIABLE = YES;
				IPHONEOS_DEPLOYMENT_TARGET = 17.0;
				LOCALIZATION_PREFERS_STRING_CATALOGS = YES;
				MTL_ENABLE_DEBUG_INFO = NO;
				MTL_FAST_MATH = YES;
				SDKROOT = iphoneos;
				SWIFT_COMPILATION_MODE = wholemodule;
				VALIDATE_PRODUCT = YES;
			};
			name = Release;
		};
		264801C12BB4223C0011D988 /* Debug */ = {
			isa = XCBuildConfiguration;
			buildSettings = {
				ASSETCATALOG_COMPILER_APPICON_NAME = AppIcon;
				ASSETCATALOG_COMPILER_GLOBAL_ACCENT_COLOR_NAME = AccentColor;
				CODE_SIGN_STYLE = Automatic;
				CURRENT_PROJECT_VERSION = 1;
				DEVELOPMENT_ASSET_PATHS = "\"VideoRec/Preview Content\"";
				DEVELOPMENT_TEAM = 9PYC9KWKRS;
				ENABLE_PREVIEWS = YES;
				GENERATE_INFOPLIST_FILE = YES;
				INFOPLIST_FILE = VideoRec/Info.plist;
				INFOPLIST_KEY_CFBundleDisplayName = VideoRec;
				INFOPLIST_KEY_LSApplicationCategoryType = "Privacy - Camera Usage Description";
				INFOPLIST_KEY_NSCameraUsageDescription = "This app uses camera to caputure video";
				INFOPLIST_KEY_NSMicrophoneUsageDescription = "";
				INFOPLIST_KEY_NSPhotoLibraryUsageDescription = "Saves Captured videos to library";
				INFOPLIST_KEY_UIApplicationSceneManifest_Generation = YES;
				INFOPLIST_KEY_UIApplicationSupportsIndirectInputEvents = YES;
				INFOPLIST_KEY_UILaunchScreen_Generation = YES;
				INFOPLIST_KEY_UISupportedInterfaceOrientations = UIInterfaceOrientationPortrait;
				INFOPLIST_KEY_UISupportedInterfaceOrientations_iPad = "UIInterfaceOrientationLandscapeLeft UIInterfaceOrientationLandscapeRight UIInterfaceOrientationPortrait UIInterfaceOrientationPortraitUpsideDown";
				LD_RUNPATH_SEARCH_PATHS = (
					"$(inherited)",
					"@executable_path/Frameworks",
				);
				MARKETING_VERSION = 1.0;
				PRODUCT_BUNDLE_IDENTIFIER = com.deveagency.VideoRec;
				PRODUCT_NAME = "$(TARGET_NAME)";
				SWIFT_EMIT_LOC_STRINGS = YES;
				SWIFT_VERSION = 5.0;
				TARGETED_DEVICE_FAMILY = "1,2";
			};
			name = Debug;
		};
		264801C22BB4223C0011D988 /* Release */ = {
			isa = XCBuildConfiguration;
			buildSettings = {
				ASSETCATALOG_COMPILER_APPICON_NAME = AppIcon;
				ASSETCATALOG_COMPILER_GLOBAL_ACCENT_COLOR_NAME = AccentColor;
				CODE_SIGN_STYLE = Automatic;
				CURRENT_PROJECT_VERSION = 1;
				DEVELOPMENT_ASSET_PATHS = "\"VideoRec/Preview Content\"";
				DEVELOPMENT_TEAM = 9PYC9KWKRS;
				ENABLE_PREVIEWS = YES;
				GENERATE_INFOPLIST_FILE = YES;
				INFOPLIST_FILE = VideoRec/Info.plist;
				INFOPLIST_KEY_CFBundleDisplayName = VideoRec;
				INFOPLIST_KEY_LSApplicationCategoryType = "Privacy - Camera Usage Description";
				INFOPLIST_KEY_NSCameraUsageDescription = "This app uses camera to caputure video";
				INFOPLIST_KEY_NSMicrophoneUsageDescription = "";
				INFOPLIST_KEY_NSPhotoLibraryUsageDescription = "Saves Captured videos to library";
				INFOPLIST_KEY_UIApplicationSceneManifest_Generation = YES;
				INFOPLIST_KEY_UIApplicationSupportsIndirectInputEvents = YES;
				INFOPLIST_KEY_UILaunchScreen_Generation = YES;
				INFOPLIST_KEY_UISupportedInterfaceOrientations = UIInterfaceOrientationPortrait;
				INFOPLIST_KEY_UISupportedInterfaceOrientations_iPad = "UIInterfaceOrientationLandscapeLeft UIInterfaceOrientationLandscapeRight UIInterfaceOrientationPortrait UIInterfaceOrientationPortraitUpsideDown";
				LD_RUNPATH_SEARCH_PATHS = (
					"$(inherited)",
					"@executable_path/Frameworks",
				);
				MARKETING_VERSION = 1.0;
				PRODUCT_BUNDLE_IDENTIFIER = com.deveagency.VideoRec;
				PRODUCT_NAME = "$(TARGET_NAME)";
				SWIFT_EMIT_LOC_STRINGS = YES;
				SWIFT_VERSION = 5.0;
				TARGETED_DEVICE_FAMILY = "1,2";
			};
			name = Release;
		};
/* End XCBuildConfiguration section */

/* Begin XCConfigurationList section */
		264801AD2BB4223B0011D988 /* Build configuration list for PBXProject "VideoRec" */ = {
			isa = XCConfigurationList;
			buildConfigurations = (
				264801BE2BB4223C0011D988 /* Debug */,
				264801BF2BB4223C0011D988 /* Release */,
			);
			defaultConfigurationIsVisible = 0;
			defaultConfigurationName = Release;
		};
		264801C02BB4223C0011D988 /* Build configuration list for PBXNativeTarget "VideoRec" */ = {
			isa = XCConfigurationList;
			buildConfigurations = (
				264801C12BB4223C0011D988 /* Debug */,
				264801C22BB4223C0011D988 /* Release */,
			);
			defaultConfigurationIsVisible = 0;
			defaultConfigurationName = Release;
		};
/* End XCConfigurationList section */
	};
	rootObject = 264801AA2BB4223B0011D988 /* Project object */;
}
